
Microsoft Visual Studio Solution File, Format Version 12.00
Project("{FAE04EC0-301F-11D3-BF4B-00C04F79EFBC}") = "LearnEntity", "LearnEntity\LearnEntity.csproj", "{70049D08-539C-4079-9C5F-BE83DA81BD42}"
EndProject
Global
	GlobalSection(SolutionConfigurationPlatforms) = preSolution
		Debug|Any CPU = Debug|Any CPU
		Release|Any CPU = Release|Any CPU
	EndGlobalSection
	GlobalSection(ProjectConfigurationPlatforms) = postSolution
		{70049D08-539C-4079-9C5F-BE83DA81BD42}.Debug|Any CPU.ActiveCfg = Debug|Any CPU
		{70049D08-539C-4079-9C5F-BE83DA81BD42}.Debug|Any CPU.Build.0 = Debug|Any CPU
		{70049D08-539C-4079-9C5F-BE83DA81BD42}.Release|Any CPU.ActiveCfg = Release|Any CPU
		{70049D08-539C-4079-9C5F-BE83DA81BD42}.Release|Any CPU.Build.0 = Release|Any CPU
	EndGlobalSection
EndGlobal
