
Microsoft Visual Studio Solution File, Format Version 12.00
Project("{FAE04EC0-301F-11D3-BF4B-00C04F79EFBC}") = "BancoWebRazor", "BancoWebRazor\BancoWebRazor.csproj", "{4E629588-DFC8-4E53-92B0-194502FAB560}"
EndProject
Global
	GlobalSection(SolutionConfigurationPlatforms) = preSolution
		Debug|Any CPU = Debug|Any CPU
		Release|Any CPU = Release|Any CPU
	EndGlobalSection
	GlobalSection(ProjectConfigurationPlatforms) = postSolution
		{4E629588-DFC8-4E53-92B0-194502FAB560}.Debug|Any CPU.ActiveCfg = Debug|Any CPU
		{4E629588-DFC8-4E53-92B0-194502FAB560}.Debug|Any CPU.Build.0 = Debug|Any CPU
		{4E629588-DFC8-4E53-92B0-194502FAB560}.Release|Any CPU.ActiveCfg = Release|Any CPU
		{4E629588-DFC8-4E53-92B0-194502FAB560}.Release|Any CPU.Build.0 = Release|Any CPU
	EndGlobalSection
EndGlobal
